
Microsoft Visual Studio Solution File, Format Version 12.00
# Visual Studio Version 17
VisualStudioVersion = 17.3.32804.467
MinimumVisualStudioVersion = 10.0.40219.1
Project("{FAE04EC0-301F-11D3-BF4B-00C04F79EFBC}") = "CadrastroAlunos", "CadrastroAlunos.csproj", "{2809507C-1D87-4DAB-8164-4676FC39C71B}"
EndProject
Global
	GlobalSection(SolutionConfigurationPlatforms) = preSolution
		Debug|Any CPU = Debug|Any CPU
		Release|Any CPU = Release|Any CPU
	EndGlobalSection
	GlobalSection(ProjectConfigurationPlatforms) = postSolution
		{2809507C-1D87-4DAB-8164-4676FC39C71B}.Debug|Any CPU.ActiveCfg = Debug|Any CPU
		{2809507C-1D87-4DAB-8164-4676FC39C71B}.Debug|Any CPU.Build.0 = Debug|Any CPU
		{2809507C-1D87-4DAB-8164-4676FC39C71B}.Release|Any CPU.ActiveCfg = Release|Any CPU
		{2809507C-1D87-4DAB-8164-4676FC39C71B}.Release|Any CPU.Build.0 = Release|Any CPU
	EndGlobalSection
	GlobalSection(SolutionProperties) = preSolution
		HideSolutionNode = FALSE
	EndGlobalSection
	GlobalSection(ExtensibilityGlobals) = postSolution
		SolutionGuid = {87F8B8BF-A96A-4E32-AE45-9803700340BB}
	EndGlobalSection
EndGlobal
